
Microsoft Visual Studio Solution File, Format Version 12.00
# Visual Studio Version 16
VisualStudioVersion = 16.0.30717.126
MinimumVisualStudioVersion = 10.0.40219.1
Project("{FAE04EC0-301F-11D3-BF4B-00C04F79EFBC}") = "Core.Common", "Core.Common\Core.Common.csproj", "{83773854-5D2A-458A-A6E5-299DD7E6240A}"
EndProject
Project("{2150E333-8FDC-42A3-9474-1A3956D46DE8}") = "NMS", "NMS", "{8EADC2A4-7D0B-473A-8461-7E0C201706EF}"
EndProject
Project("{2150E333-8FDC-42A3-9474-1A3956D46DE8}") = "SCADA", "SCADA", "{6A015615-4D3D-433B-A4AC-E4CAEC6CDC27}"
EndProject
Project("{2150E333-8FDC-42A3-9474-1A3956D46DE8}") = "CalculationEngine", "CalculationEngine", "{DACA0D46-3190-46FC-86CA-D48459AEEE5A}"
EndProject
Project("{2150E333-8FDC-42A3-9474-1A3956D46DE8}") = "Common", "Common", "{18E7AF60-B1D6-44E6-B978-13675A05393E}"
EndProject
Project("{FAE04EC0-301F-11D3-BF4B-00C04F79EFBC}") = "Common", "Common\Common.csproj", "{892CBE15-9ED7-4540-81FA-0EAABA592138}"
EndProject
Project("{2150E333-8FDC-42A3-9474-1A3956D46DE8}") = "NetworkModelService", "NetworkModelService", "{EA8D4F62-69A2-4748-8604-4439EBAC9EB8}"
EndProject
Project("{FAE04EC0-301F-11D3-BF4B-00C04F79EFBC}") = "NetworkModelService", "NetworkModelService\NetworkModelService.csproj", "{2630D180-1B68-4E84-AEAC-42EE8C88B50F}"
EndProject
Project("{FAE04EC0-301F-11D3-BF4B-00C04F79EFBC}") = "DataModel", "NetworkModelService\DataModel\DataModel.csproj", "{ADE96497-7C11-40B6-AE82-57F956C9F104}"
EndProject
Project("{FAE04EC0-301F-11D3-BF4B-00C04F79EFBC}") = "CIMAdapter", "CIMAdapter\CIMAdapter.csproj", "{F680D34F-C148-4314-8914-B2DF3E7B17AF}"
EndProject
Project("{FAE04EC0-301F-11D3-BF4B-00C04F79EFBC}") = "CIMParser", "CIMParser\CIMParser.csproj", "{3C03A41C-BE4C-40A8-97D5-5DBAC0C34102}"
EndProject
Project("{FAE04EC0-301F-11D3-BF4B-00C04F79EFBC}") = "CIMProfileCreator", "CIMProfileCreator\CIMProfileCreator.csproj", "{05FA2F21-D4DE-4F42-8D8F-AC79993394F6}"
EndProject
Project("{FAE04EC0-301F-11D3-BF4B-00C04F79EFBC}") = "ModelLabsApp", "ModelLabsApp\ModelLabsApp.csproj", "{3DD11384-2CC1-4EE9-9F4A-02B6FE8759C0}"
EndProject
Project("{2150E333-8FDC-42A3-9474-1A3956D46DE8}") = "TM", "TM", "{5912C79C-9F2A-4DDD-8955-E08FD9155A7F}"
EndProject
Project("{FAE04EC0-301F-11D3-BF4B-00C04F79EFBC}") = "TransactionManager", "TransactionManager\TransactionManager.csproj", "{DEFA507A-760F-436B-AF63-737C526ADB63}"
EndProject
Project("{FAE04EC0-301F-11D3-BF4B-00C04F79EFBC}") = "TMContracts", "TMContracts\TMContracts.csproj", "{F5D28AA0-B5F6-4C6A-867D-2D1187464A80}"
EndProject
Project("{FAE04EC0-301F-11D3-BF4B-00C04F79EFBC}") = "SCADATransaction", "SCADATransaction\SCADATransaction.csproj", "{C6D1753C-C65B-4C72-9024-4A94BA5F01D9}"
EndProject
Project("{FAE04EC0-301F-11D3-BF4B-00C04F79EFBC}") = "NDS", "TESTSKADA\NDS.csproj", "{B065B3B6-D3E0-4C60-A4F9-30F6087C733C}"
EndProject
Project("{FAE04EC0-301F-11D3-BF4B-00C04F79EFBC}") = "CE", "TESTCE\CE.csproj", "{EADB9B49-06A9-4CF1-B7D2-28BE829D1556}"
EndProject
Project("{FAE04EC0-301F-11D3-BF4B-00C04F79EFBC}") = "SCADA.Common", "SCADA.Common\SCADA.Common.csproj", "{6E79FCA4-42E3-4D2F-B4A3-28E691BF04C3}"
EndProject
Project("{2150E333-8FDC-42A3-9474-1A3956D46DE8}") = "GUI", "GUI", "{CF643A1A-6141-4EBE-88FA-16A7FCED9FF7}"
EndProject
Project("{FAE04EC0-301F-11D3-BF4B-00C04F79EFBC}") = "Simulator", "Simulator\Simulator.csproj", "{D4D93CF6-137A-41B3-9EA7-66678376D99F}"
EndProject
Project("{FAE04EC0-301F-11D3-BF4B-00C04F79EFBC}") = "Calculations", "Calculations\Calculations.csproj", "{6427BCBA-076F-495E-843D-630C9585CDD2}"
EndProject
Project("{FAE04EC0-301F-11D3-BF4B-00C04F79EFBC}") = "CE.Common", "CE.Common\CE.Common.csproj", "{B440DE64-0B7C-490B-AFB7-8F4BFA249AFC}"
EndProject
Project("{A07B5EB6-E848-4116-A8D0-A826331D98C6}") = "ServiceFabricApp", "ServiceFabricApp\ServiceFabricApp.sfproj", "{8725B186-31A3-49A8-A344-0658AD37422A}"
EndProject
Project("{FAE04EC0-301F-11D3-BF4B-00C04F79EFBC}") = "WeatherForecast", "WeatherForecast\WeatherForecast.csproj", "{BDFBEEBE-889D-4C9D-A80D-6095C9C7F25B}"
EndProject
Project("{FAE04EC0-301F-11D3-BF4B-00C04F79EFBC}") = "SF.Common", "SF.Common\SF.Common.csproj", "{E6BFCEE8-13CD-410A-9C94-F33F4CC5B34A}"
EndProject
Project("{FAE04EC0-301F-11D3-BF4B-00C04F79EFBC}") = "Test", "Test\Test.csproj", "{E377888B-6F2C-4A09-979A-313A5CCC972A}"
EndProject
Project("{FAE04EC0-301F-11D3-BF4B-00C04F79EFBC}") = "NetworkModelServiceSF", "NetworkModelServiceSF\NetworkModelServiceSF.csproj", "{8CF3610F-6630-4B3D-B1E3-0FDF77443F25}"
EndProject
Project("{FAE04EC0-301F-11D3-BF4B-00C04F79EFBC}") = "DomService", "DomService\DomService.csproj", "{768D7354-544C-49D6-BBD3-B36C51E68DEA}"
EndProject
Project("{FAE04EC0-301F-11D3-BF4B-00C04F79EFBC}") = "HistoryService", "HistoryService\HistoryService.csproj", "{BF389CA3-C959-41B0-A5A0-66344A6C849F}"
EndProject
Project("{FAE04EC0-301F-11D3-BF4B-00C04F79EFBC}") = "ScadaStorageService", "ScadaStorageService\ScadaStorageService.csproj", "{F12AA1C1-5A71-4612-A0FA-12291C49E28D}"
EndProject
Project("{FAE04EC0-301F-11D3-BF4B-00C04F79EFBC}") = "CEService", "CEService\CEService.csproj", "{A89F1C64-4F27-4280-ACB7-873000574062}"
EndProject
Project("{FAE04EC0-301F-11D3-BF4B-00C04F79EFBC}") = "ScadaExportService", "ScadaExportService\ScadaExportService.csproj", "{83E5B5CC-ED3F-4E7D-8161-74788ECC106B}"
EndProject
Project("{FAE04EC0-301F-11D3-BF4B-00C04F79EFBC}") = "GUI", "GUI\GUI.csproj", "{21D08459-0DF6-4A0E-AFFE-39A2974401F3}"
EndProject
Project("{FAE04EC0-301F-11D3-BF4B-00C04F79EFBC}") = "LogService", "LogService\LogService.csproj", "{AE785D67-EFDE-4E2B-BC9E-9FA6AC5A4D1E}"
EndProject
Project("{FAE04EC0-301F-11D3-BF4B-00C04F79EFBC}") = "TransactionManagerService", "TransactionManagerService\TransactionManagerService.csproj", "{2D0F168E-4A15-4BE0-9CE9-B17F094DE275}"
EndProject
Project("{FAE04EC0-301F-11D3-BF4B-00C04F79EFBC}") = "AlarmingService", "AlarmingService\AlarmingService.csproj", "{E57BDA95-E7FA-4BFF-A47C-0FDF673FE3B9}"
EndProject
Project("{FAE04EC0-301F-11D3-BF4B-00C04F79EFBC}") = "CommandingService", "CommandingService\CommandingService.csproj", "{158E9724-4E0D-4AF9-BDC6-51F7E42FE20E}"
EndProject
Project("{FAE04EC0-301F-11D3-BF4B-00C04F79EFBC}") = "CEStorageService", "CEStorageService\CEStorageService.csproj", "{446FD395-ADAB-4682-94C7-D5E707C6EE93}"
EndProject
Project("{FAE04EC0-301F-11D3-BF4B-00C04F79EFBC}") = "CEDynamicsService", "CEDynamicsService\CEDynamicsService.csproj", "{599CEFA2-E254-413F-B837-EA6C5C744501}"
EndProject
Project("{FAE04EC0-301F-11D3-BF4B-00C04F79EFBC}") = "PubSubCommunicationService", "PubSubCommunicationService\PubSubCommunicationService.csproj", "{18E46466-7592-43DB-BCAB-9CDFDA3BDAB0}"
EndProject
Global
	GlobalSection(SolutionConfigurationPlatforms) = preSolution
		Debug|Any CPU = Debug|Any CPU
		Debug|x64 = Debug|x64
		Debug|x86 = Debug|x86
		Release|Any CPU = Release|Any CPU
		Release|x64 = Release|x64
		Release|x86 = Release|x86
	EndGlobalSection
	GlobalSection(ProjectConfigurationPlatforms) = postSolution
		{83773854-5D2A-458A-A6E5-299DD7E6240A}.Debug|Any CPU.ActiveCfg = Debug|Any CPU
		{83773854-5D2A-458A-A6E5-299DD7E6240A}.Debug|Any CPU.Build.0 = Debug|Any CPU
		{83773854-5D2A-458A-A6E5-299DD7E6240A}.Debug|x64.ActiveCfg = Debug|Any CPU
		{83773854-5D2A-458A-A6E5-299DD7E6240A}.Debug|x64.Build.0 = Debug|Any CPU
		{83773854-5D2A-458A-A6E5-299DD7E6240A}.Debug|x86.ActiveCfg = Debug|Any CPU
		{83773854-5D2A-458A-A6E5-299DD7E6240A}.Debug|x86.Build.0 = Debug|Any CPU
		{83773854-5D2A-458A-A6E5-299DD7E6240A}.Release|Any CPU.ActiveCfg = Release|Any CPU
		{83773854-5D2A-458A-A6E5-299DD7E6240A}.Release|Any CPU.Build.0 = Release|Any CPU
		{83773854-5D2A-458A-A6E5-299DD7E6240A}.Release|x64.ActiveCfg = Release|Any CPU
		{83773854-5D2A-458A-A6E5-299DD7E6240A}.Release|x64.Build.0 = Release|Any CPU
		{83773854-5D2A-458A-A6E5-299DD7E6240A}.Release|x86.ActiveCfg = Release|Any CPU
		{83773854-5D2A-458A-A6E5-299DD7E6240A}.Release|x86.Build.0 = Release|Any CPU
		{892CBE15-9ED7-4540-81FA-0EAABA592138}.Debug|Any CPU.ActiveCfg = Debug|x64
		{892CBE15-9ED7-4540-81FA-0EAABA592138}.Debug|Any CPU.Build.0 = Debug|x64
		{892CBE15-9ED7-4540-81FA-0EAABA592138}.Debug|x64.ActiveCfg = Debug|x64
		{892CBE15-9ED7-4540-81FA-0EAABA592138}.Debug|x64.Build.0 = Debug|x64
		{892CBE15-9ED7-4540-81FA-0EAABA592138}.Debug|x86.ActiveCfg = Debug|x86
		{892CBE15-9ED7-4540-81FA-0EAABA592138}.Debug|x86.Build.0 = Debug|x86
		{892CBE15-9ED7-4540-81FA-0EAABA592138}.Release|Any CPU.ActiveCfg = Release|x86
		{892CBE15-9ED7-4540-81FA-0EAABA592138}.Release|x64.ActiveCfg = Release|x64
		{892CBE15-9ED7-4540-81FA-0EAABA592138}.Release|x64.Build.0 = Release|x64
		{892CBE15-9ED7-4540-81FA-0EAABA592138}.Release|x86.ActiveCfg = Release|x86
		{892CBE15-9ED7-4540-81FA-0EAABA592138}.Release|x86.Build.0 = Release|x86
		{2630D180-1B68-4E84-AEAC-42EE8C88B50F}.Debug|Any CPU.ActiveCfg = Debug|x86
		{2630D180-1B68-4E84-AEAC-42EE8C88B50F}.Debug|Any CPU.Build.0 = Debug|x86
		{2630D180-1B68-4E84-AEAC-42EE8C88B50F}.Debug|x64.ActiveCfg = Debug|x64
		{2630D180-1B68-4E84-AEAC-42EE8C88B50F}.Debug|x64.Build.0 = Debug|x64
		{2630D180-1B68-4E84-AEAC-42EE8C88B50F}.Debug|x86.ActiveCfg = Debug|x86
		{2630D180-1B68-4E84-AEAC-42EE8C88B50F}.Debug|x86.Build.0 = Debug|x86
		{2630D180-1B68-4E84-AEAC-42EE8C88B50F}.Release|Any CPU.ActiveCfg = Release|x86
		{2630D180-1B68-4E84-AEAC-42EE8C88B50F}.Release|x64.ActiveCfg = Release|x64
		{2630D180-1B68-4E84-AEAC-42EE8C88B50F}.Release|x64.Build.0 = Release|x64
		{2630D180-1B68-4E84-AEAC-42EE8C88B50F}.Release|x86.ActiveCfg = Release|x86
		{2630D180-1B68-4E84-AEAC-42EE8C88B50F}.Release|x86.Build.0 = Release|x86
		{ADE96497-7C11-40B6-AE82-57F956C9F104}.Debug|Any CPU.ActiveCfg = Debug|x86
		{ADE96497-7C11-40B6-AE82-57F956C9F104}.Debug|Any CPU.Build.0 = Debug|x86
		{ADE96497-7C11-40B6-AE82-57F956C9F104}.Debug|x64.ActiveCfg = Debug|x64
		{ADE96497-7C11-40B6-AE82-57F956C9F104}.Debug|x64.Build.0 = Debug|x64
		{ADE96497-7C11-40B6-AE82-57F956C9F104}.Debug|x86.ActiveCfg = Debug|x86
		{ADE96497-7C11-40B6-AE82-57F956C9F104}.Debug|x86.Build.0 = Debug|x86
		{ADE96497-7C11-40B6-AE82-57F956C9F104}.Release|Any CPU.ActiveCfg = Release|x86
		{ADE96497-7C11-40B6-AE82-57F956C9F104}.Release|x64.ActiveCfg = Release|x64
		{ADE96497-7C11-40B6-AE82-57F956C9F104}.Release|x64.Build.0 = Release|x64
		{ADE96497-7C11-40B6-AE82-57F956C9F104}.Release|x86.ActiveCfg = Release|x86
		{ADE96497-7C11-40B6-AE82-57F956C9F104}.Release|x86.Build.0 = Release|x86
		{F680D34F-C148-4314-8914-B2DF3E7B17AF}.Debug|Any CPU.ActiveCfg = Debug|x86
		{F680D34F-C148-4314-8914-B2DF3E7B17AF}.Debug|Any CPU.Build.0 = Debug|x86
		{F680D34F-C148-4314-8914-B2DF3E7B17AF}.Debug|x64.ActiveCfg = Debug|x64
		{F680D34F-C148-4314-8914-B2DF3E7B17AF}.Debug|x64.Build.0 = Debug|x64
		{F680D34F-C148-4314-8914-B2DF3E7B17AF}.Debug|x86.ActiveCfg = Debug|x86
		{F680D34F-C148-4314-8914-B2DF3E7B17AF}.Debug|x86.Build.0 = Debug|x86
		{F680D34F-C148-4314-8914-B2DF3E7B17AF}.Release|Any CPU.ActiveCfg = Release|x86
		{F680D34F-C148-4314-8914-B2DF3E7B17AF}.Release|x64.ActiveCfg = Release|x64
		{F680D34F-C148-4314-8914-B2DF3E7B17AF}.Release|x64.Build.0 = Release|x64
		{F680D34F-C148-4314-8914-B2DF3E7B17AF}.Release|x86.ActiveCfg = Release|x86
		{F680D34F-C148-4314-8914-B2DF3E7B17AF}.Release|x86.Build.0 = Release|x86
		{3C03A41C-BE4C-40A8-97D5-5DBAC0C34102}.Debug|Any CPU.ActiveCfg = Debug|x64
		{3C03A41C-BE4C-40A8-97D5-5DBAC0C34102}.Debug|Any CPU.Build.0 = Debug|x64
		{3C03A41C-BE4C-40A8-97D5-5DBAC0C34102}.Debug|x64.ActiveCfg = Debug|x64
		{3C03A41C-BE4C-40A8-97D5-5DBAC0C34102}.Debug|x64.Build.0 = Debug|x64
		{3C03A41C-BE4C-40A8-97D5-5DBAC0C34102}.Debug|x86.ActiveCfg = Debug|x86
		{3C03A41C-BE4C-40A8-97D5-5DBAC0C34102}.Debug|x86.Build.0 = Debug|x86
		{3C03A41C-BE4C-40A8-97D5-5DBAC0C34102}.Release|Any CPU.ActiveCfg = Release|x86
		{3C03A41C-BE4C-40A8-97D5-5DBAC0C34102}.Release|x64.ActiveCfg = Release|x64
		{3C03A41C-BE4C-40A8-97D5-5DBAC0C34102}.Release|x64.Build.0 = Release|x64
		{3C03A41C-BE4C-40A8-97D5-5DBAC0C34102}.Release|x86.ActiveCfg = Release|x86
		{3C03A41C-BE4C-40A8-97D5-5DBAC0C34102}.Release|x86.Build.0 = Release|x86
		{05FA2F21-D4DE-4F42-8D8F-AC79993394F6}.Debug|Any CPU.ActiveCfg = Debug|x86
		{05FA2F21-D4DE-4F42-8D8F-AC79993394F6}.Debug|Any CPU.Build.0 = Debug|x86
		{05FA2F21-D4DE-4F42-8D8F-AC79993394F6}.Debug|x64.ActiveCfg = Debug|x64
		{05FA2F21-D4DE-4F42-8D8F-AC79993394F6}.Debug|x64.Build.0 = Debug|x64
		{05FA2F21-D4DE-4F42-8D8F-AC79993394F6}.Debug|x86.ActiveCfg = Debug|x86
		{05FA2F21-D4DE-4F42-8D8F-AC79993394F6}.Debug|x86.Build.0 = Debug|x86
		{05FA2F21-D4DE-4F42-8D8F-AC79993394F6}.Release|Any CPU.ActiveCfg = Release|x86
		{05FA2F21-D4DE-4F42-8D8F-AC79993394F6}.Release|x64.ActiveCfg = Release|x64
		{05FA2F21-D4DE-4F42-8D8F-AC79993394F6}.Release|x64.Build.0 = Release|x64
		{05FA2F21-D4DE-4F42-8D8F-AC79993394F6}.Release|x86.ActiveCfg = Release|x86
		{05FA2F21-D4DE-4F42-8D8F-AC79993394F6}.Release|x86.Build.0 = Release|x86
		{3DD11384-2CC1-4EE9-9F4A-02B6FE8759C0}.Debug|Any CPU.ActiveCfg = Debug|x86
		{3DD11384-2CC1-4EE9-9F4A-02B6FE8759C0}.Debug|Any CPU.Build.0 = Debug|x86
		{3DD11384-2CC1-4EE9-9F4A-02B6FE8759C0}.Debug|x64.ActiveCfg = Debug|x64
		{3DD11384-2CC1-4EE9-9F4A-02B6FE8759C0}.Debug|x64.Build.0 = Debug|x64
		{3DD11384-2CC1-4EE9-9F4A-02B6FE8759C0}.Debug|x86.ActiveCfg = Debug|x86
		{3DD11384-2CC1-4EE9-9F4A-02B6FE8759C0}.Debug|x86.Build.0 = Debug|x86
		{3DD11384-2CC1-4EE9-9F4A-02B6FE8759C0}.Release|Any CPU.ActiveCfg = Release|x86
		{3DD11384-2CC1-4EE9-9F4A-02B6FE8759C0}.Release|x64.ActiveCfg = Release|x64
		{3DD11384-2CC1-4EE9-9F4A-02B6FE8759C0}.Release|x64.Build.0 = Release|x64
		{3DD11384-2CC1-4EE9-9F4A-02B6FE8759C0}.Release|x86.ActiveCfg = Release|x86
		{3DD11384-2CC1-4EE9-9F4A-02B6FE8759C0}.Release|x86.Build.0 = Release|x86
		{DEFA507A-760F-436B-AF63-737C526ADB63}.Debug|Any CPU.ActiveCfg = Debug|Any CPU
		{DEFA507A-760F-436B-AF63-737C526ADB63}.Debug|Any CPU.Build.0 = Debug|Any CPU
		{DEFA507A-760F-436B-AF63-737C526ADB63}.Debug|x64.ActiveCfg = Debug|x64
		{DEFA507A-760F-436B-AF63-737C526ADB63}.Debug|x64.Build.0 = Debug|x64
		{DEFA507A-760F-436B-AF63-737C526ADB63}.Debug|x86.ActiveCfg = Debug|Any CPU
		{DEFA507A-760F-436B-AF63-737C526ADB63}.Debug|x86.Build.0 = Debug|Any CPU
		{DEFA507A-760F-436B-AF63-737C526ADB63}.Release|Any CPU.ActiveCfg = Release|Any CPU
		{DEFA507A-760F-436B-AF63-737C526ADB63}.Release|Any CPU.Build.0 = Release|Any CPU
		{DEFA507A-760F-436B-AF63-737C526ADB63}.Release|x64.ActiveCfg = Release|Any CPU
		{DEFA507A-760F-436B-AF63-737C526ADB63}.Release|x64.Build.0 = Release|Any CPU
		{DEFA507A-760F-436B-AF63-737C526ADB63}.Release|x86.ActiveCfg = Release|Any CPU
		{DEFA507A-760F-436B-AF63-737C526ADB63}.Release|x86.Build.0 = Release|Any CPU
		{F5D28AA0-B5F6-4C6A-867D-2D1187464A80}.Debug|Any CPU.ActiveCfg = Debug|Any CPU
		{F5D28AA0-B5F6-4C6A-867D-2D1187464A80}.Debug|Any CPU.Build.0 = Debug|Any CPU
		{F5D28AA0-B5F6-4C6A-867D-2D1187464A80}.Debug|x64.ActiveCfg = Debug|x64
		{F5D28AA0-B5F6-4C6A-867D-2D1187464A80}.Debug|x64.Build.0 = Debug|x64
		{F5D28AA0-B5F6-4C6A-867D-2D1187464A80}.Debug|x86.ActiveCfg = Debug|Any CPU
		{F5D28AA0-B5F6-4C6A-867D-2D1187464A80}.Debug|x86.Build.0 = Debug|Any CPU
		{F5D28AA0-B5F6-4C6A-867D-2D1187464A80}.Release|Any CPU.ActiveCfg = Release|Any CPU
		{F5D28AA0-B5F6-4C6A-867D-2D1187464A80}.Release|Any CPU.Build.0 = Release|Any CPU
		{F5D28AA0-B5F6-4C6A-867D-2D1187464A80}.Release|x64.ActiveCfg = Release|Any CPU
		{F5D28AA0-B5F6-4C6A-867D-2D1187464A80}.Release|x64.Build.0 = Release|Any CPU
		{F5D28AA0-B5F6-4C6A-867D-2D1187464A80}.Release|x86.ActiveCfg = Release|Any CPU
		{F5D28AA0-B5F6-4C6A-867D-2D1187464A80}.Release|x86.Build.0 = Release|Any CPU
		{C6D1753C-C65B-4C72-9024-4A94BA5F01D9}.Debug|Any CPU.ActiveCfg = Debug|Any CPU
		{C6D1753C-C65B-4C72-9024-4A94BA5F01D9}.Debug|Any CPU.Build.0 = Debug|Any CPU
		{C6D1753C-C65B-4C72-9024-4A94BA5F01D9}.Debug|x64.ActiveCfg = Debug|x64
		{C6D1753C-C65B-4C72-9024-4A94BA5F01D9}.Debug|x64.Build.0 = Debug|x64
		{C6D1753C-C65B-4C72-9024-4A94BA5F01D9}.Debug|x86.ActiveCfg = Debug|Any CPU
		{C6D1753C-C65B-4C72-9024-4A94BA5F01D9}.Debug|x86.Build.0 = Debug|Any CPU
		{C6D1753C-C65B-4C72-9024-4A94BA5F01D9}.Release|Any CPU.ActiveCfg = Release|Any CPU
		{C6D1753C-C65B-4C72-9024-4A94BA5F01D9}.Release|Any CPU.Build.0 = Release|Any CPU
		{C6D1753C-C65B-4C72-9024-4A94BA5F01D9}.Release|x64.ActiveCfg = Release|Any CPU
		{C6D1753C-C65B-4C72-9024-4A94BA5F01D9}.Release|x64.Build.0 = Release|Any CPU
		{C6D1753C-C65B-4C72-9024-4A94BA5F01D9}.Release|x86.ActiveCfg = Release|Any CPU
		{C6D1753C-C65B-4C72-9024-4A94BA5F01D9}.Release|x86.Build.0 = Release|Any CPU
		{B065B3B6-D3E0-4C60-A4F9-30F6087C733C}.Debug|Any CPU.ActiveCfg = Debug|Any CPU
		{B065B3B6-D3E0-4C60-A4F9-30F6087C733C}.Debug|Any CPU.Build.0 = Debug|Any CPU
		{B065B3B6-D3E0-4C60-A4F9-30F6087C733C}.Debug|x64.ActiveCfg = Debug|x64
		{B065B3B6-D3E0-4C60-A4F9-30F6087C733C}.Debug|x64.Build.0 = Debug|x64
		{B065B3B6-D3E0-4C60-A4F9-30F6087C733C}.Debug|x86.ActiveCfg = Debug|Any CPU
		{B065B3B6-D3E0-4C60-A4F9-30F6087C733C}.Debug|x86.Build.0 = Debug|Any CPU
		{B065B3B6-D3E0-4C60-A4F9-30F6087C733C}.Release|Any CPU.ActiveCfg = Release|Any CPU
		{B065B3B6-D3E0-4C60-A4F9-30F6087C733C}.Release|Any CPU.Build.0 = Release|Any CPU
		{B065B3B6-D3E0-4C60-A4F9-30F6087C733C}.Release|x64.ActiveCfg = Release|Any CPU
		{B065B3B6-D3E0-4C60-A4F9-30F6087C733C}.Release|x64.Build.0 = Release|Any CPU
		{B065B3B6-D3E0-4C60-A4F9-30F6087C733C}.Release|x86.ActiveCfg = Release|Any CPU
		{B065B3B6-D3E0-4C60-A4F9-30F6087C733C}.Release|x86.Build.0 = Release|Any CPU
		{EADB9B49-06A9-4CF1-B7D2-28BE829D1556}.Debug|Any CPU.ActiveCfg = Debug|Any CPU
		{EADB9B49-06A9-4CF1-B7D2-28BE829D1556}.Debug|Any CPU.Build.0 = Debug|Any CPU
		{EADB9B49-06A9-4CF1-B7D2-28BE829D1556}.Debug|x64.ActiveCfg = Debug|x64
		{EADB9B49-06A9-4CF1-B7D2-28BE829D1556}.Debug|x64.Build.0 = Debug|x64
		{EADB9B49-06A9-4CF1-B7D2-28BE829D1556}.Debug|x86.ActiveCfg = Debug|Any CPU
		{EADB9B49-06A9-4CF1-B7D2-28BE829D1556}.Debug|x86.Build.0 = Debug|Any CPU
		{EADB9B49-06A9-4CF1-B7D2-28BE829D1556}.Release|Any CPU.ActiveCfg = Release|Any CPU
		{EADB9B49-06A9-4CF1-B7D2-28BE829D1556}.Release|Any CPU.Build.0 = Release|Any CPU
		{EADB9B49-06A9-4CF1-B7D2-28BE829D1556}.Release|x64.ActiveCfg = Release|Any CPU
		{EADB9B49-06A9-4CF1-B7D2-28BE829D1556}.Release|x64.Build.0 = Release|Any CPU
		{EADB9B49-06A9-4CF1-B7D2-28BE829D1556}.Release|x86.ActiveCfg = Release|Any CPU
		{EADB9B49-06A9-4CF1-B7D2-28BE829D1556}.Release|x86.Build.0 = Release|Any CPU
		{6E79FCA4-42E3-4D2F-B4A3-28E691BF04C3}.Debug|Any CPU.ActiveCfg = Debug|Any CPU
		{6E79FCA4-42E3-4D2F-B4A3-28E691BF04C3}.Debug|Any CPU.Build.0 = Debug|Any CPU
		{6E79FCA4-42E3-4D2F-B4A3-28E691BF04C3}.Debug|x64.ActiveCfg = Debug|x64
		{6E79FCA4-42E3-4D2F-B4A3-28E691BF04C3}.Debug|x64.Build.0 = Debug|x64
		{6E79FCA4-42E3-4D2F-B4A3-28E691BF04C3}.Debug|x86.ActiveCfg = Debug|Any CPU
		{6E79FCA4-42E3-4D2F-B4A3-28E691BF04C3}.Debug|x86.Build.0 = Debug|Any CPU
		{6E79FCA4-42E3-4D2F-B4A3-28E691BF04C3}.Release|Any CPU.ActiveCfg = Release|Any CPU
		{6E79FCA4-42E3-4D2F-B4A3-28E691BF04C3}.Release|Any CPU.Build.0 = Release|Any CPU
		{6E79FCA4-42E3-4D2F-B4A3-28E691BF04C3}.Release|x64.ActiveCfg = Release|Any CPU
		{6E79FCA4-42E3-4D2F-B4A3-28E691BF04C3}.Release|x64.Build.0 = Release|Any CPU
		{6E79FCA4-42E3-4D2F-B4A3-28E691BF04C3}.Release|x86.ActiveCfg = Release|Any CPU
		{6E79FCA4-42E3-4D2F-B4A3-28E691BF04C3}.Release|x86.Build.0 = Release|Any CPU
		{D4D93CF6-137A-41B3-9EA7-66678376D99F}.Debug|Any CPU.ActiveCfg = Debug|x86
		{D4D93CF6-137A-41B3-9EA7-66678376D99F}.Debug|Any CPU.Build.0 = Debug|x86
		{D4D93CF6-137A-41B3-9EA7-66678376D99F}.Debug|x64.ActiveCfg = Debug|x86
		{D4D93CF6-137A-41B3-9EA7-66678376D99F}.Debug|x64.Build.0 = Debug|x86
		{D4D93CF6-137A-41B3-9EA7-66678376D99F}.Debug|x86.ActiveCfg = Debug|Any CPU
		{D4D93CF6-137A-41B3-9EA7-66678376D99F}.Debug|x86.Build.0 = Debug|Any CPU
		{D4D93CF6-137A-41B3-9EA7-66678376D99F}.Release|Any CPU.ActiveCfg = Release|Any CPU
		{D4D93CF6-137A-41B3-9EA7-66678376D99F}.Release|Any CPU.Build.0 = Release|Any CPU
		{D4D93CF6-137A-41B3-9EA7-66678376D99F}.Release|x64.ActiveCfg = Release|Any CPU
		{D4D93CF6-137A-41B3-9EA7-66678376D99F}.Release|x64.Build.0 = Release|Any CPU
		{D4D93CF6-137A-41B3-9EA7-66678376D99F}.Release|x86.ActiveCfg = Release|Any CPU
		{D4D93CF6-137A-41B3-9EA7-66678376D99F}.Release|x86.Build.0 = Release|Any CPU
		{6427BCBA-076F-495E-843D-630C9585CDD2}.Debug|Any CPU.ActiveCfg = Debug|Any CPU
		{6427BCBA-076F-495E-843D-630C9585CDD2}.Debug|Any CPU.Build.0 = Debug|Any CPU
		{6427BCBA-076F-495E-843D-630C9585CDD2}.Debug|x64.ActiveCfg = Debug|x64
		{6427BCBA-076F-495E-843D-630C9585CDD2}.Debug|x64.Build.0 = Debug|x64
		{6427BCBA-076F-495E-843D-630C9585CDD2}.Debug|x86.ActiveCfg = Debug|Any CPU
		{6427BCBA-076F-495E-843D-630C9585CDD2}.Debug|x86.Build.0 = Debug|Any CPU
		{6427BCBA-076F-495E-843D-630C9585CDD2}.Release|Any CPU.ActiveCfg = Release|Any CPU
		{6427BCBA-076F-495E-843D-630C9585CDD2}.Release|Any CPU.Build.0 = Release|Any CPU
		{6427BCBA-076F-495E-843D-630C9585CDD2}.Release|x64.ActiveCfg = Release|Any CPU
		{6427BCBA-076F-495E-843D-630C9585CDD2}.Release|x64.Build.0 = Release|Any CPU
		{6427BCBA-076F-495E-843D-630C9585CDD2}.Release|x86.ActiveCfg = Release|Any CPU
		{6427BCBA-076F-495E-843D-630C9585CDD2}.Release|x86.Build.0 = Release|Any CPU
		{B440DE64-0B7C-490B-AFB7-8F4BFA249AFC}.Debug|Any CPU.ActiveCfg = Debug|Any CPU
		{B440DE64-0B7C-490B-AFB7-8F4BFA249AFC}.Debug|Any CPU.Build.0 = Debug|Any CPU
		{B440DE64-0B7C-490B-AFB7-8F4BFA249AFC}.Debug|x64.ActiveCfg = Debug|x64
		{B440DE64-0B7C-490B-AFB7-8F4BFA249AFC}.Debug|x64.Build.0 = Debug|x64
		{B440DE64-0B7C-490B-AFB7-8F4BFA249AFC}.Debug|x86.ActiveCfg = Debug|Any CPU
		{B440DE64-0B7C-490B-AFB7-8F4BFA249AFC}.Debug|x86.Build.0 = Debug|Any CPU
		{B440DE64-0B7C-490B-AFB7-8F4BFA249AFC}.Release|Any CPU.ActiveCfg = Release|Any CPU
		{B440DE64-0B7C-490B-AFB7-8F4BFA249AFC}.Release|Any CPU.Build.0 = Release|Any CPU
		{B440DE64-0B7C-490B-AFB7-8F4BFA249AFC}.Release|x64.ActiveCfg = Release|Any CPU
		{B440DE64-0B7C-490B-AFB7-8F4BFA249AFC}.Release|x64.Build.0 = Release|Any CPU
		{B440DE64-0B7C-490B-AFB7-8F4BFA249AFC}.Release|x86.ActiveCfg = Release|Any CPU
		{B440DE64-0B7C-490B-AFB7-8F4BFA249AFC}.Release|x86.Build.0 = Release|Any CPU
		{8725B186-31A3-49A8-A344-0658AD37422A}.Debug|Any CPU.ActiveCfg = Debug|x64
		{8725B186-31A3-49A8-A344-0658AD37422A}.Debug|x64.ActiveCfg = Debug|x64
		{8725B186-31A3-49A8-A344-0658AD37422A}.Debug|x64.Build.0 = Debug|x64
		{8725B186-31A3-49A8-A344-0658AD37422A}.Debug|x64.Deploy.0 = Debug|x64
		{8725B186-31A3-49A8-A344-0658AD37422A}.Debug|x86.ActiveCfg = Debug|x64
		{8725B186-31A3-49A8-A344-0658AD37422A}.Release|Any CPU.ActiveCfg = Release|x64
		{8725B186-31A3-49A8-A344-0658AD37422A}.Release|x64.ActiveCfg = Release|x64
		{8725B186-31A3-49A8-A344-0658AD37422A}.Release|x64.Build.0 = Release|x64
		{8725B186-31A3-49A8-A344-0658AD37422A}.Release|x64.Deploy.0 = Release|x64
		{8725B186-31A3-49A8-A344-0658AD37422A}.Release|x86.ActiveCfg = Release|x64
		{BDFBEEBE-889D-4C9D-A80D-6095C9C7F25B}.Debug|Any CPU.ActiveCfg = Debug|x64
		{BDFBEEBE-889D-4C9D-A80D-6095C9C7F25B}.Debug|x64.ActiveCfg = Debug|x64
		{BDFBEEBE-889D-4C9D-A80D-6095C9C7F25B}.Debug|x64.Build.0 = Debug|x64
		{BDFBEEBE-889D-4C9D-A80D-6095C9C7F25B}.Debug|x86.ActiveCfg = Debug|x64
		{BDFBEEBE-889D-4C9D-A80D-6095C9C7F25B}.Release|Any CPU.ActiveCfg = Release|x64
		{BDFBEEBE-889D-4C9D-A80D-6095C9C7F25B}.Release|x64.ActiveCfg = Release|x64
		{BDFBEEBE-889D-4C9D-A80D-6095C9C7F25B}.Release|x64.Build.0 = Release|x64
		{BDFBEEBE-889D-4C9D-A80D-6095C9C7F25B}.Release|x86.ActiveCfg = Release|x64
		{E6BFCEE8-13CD-410A-9C94-F33F4CC5B34A}.Debug|Any CPU.ActiveCfg = Debug|Any CPU
		{E6BFCEE8-13CD-410A-9C94-F33F4CC5B34A}.Debug|Any CPU.Build.0 = Debug|Any CPU
		{E6BFCEE8-13CD-410A-9C94-F33F4CC5B34A}.Debug|x64.ActiveCfg = Debug|x64
		{E6BFCEE8-13CD-410A-9C94-F33F4CC5B34A}.Debug|x64.Build.0 = Debug|x64
		{E6BFCEE8-13CD-410A-9C94-F33F4CC5B34A}.Debug|x86.ActiveCfg = Debug|Any CPU
		{E6BFCEE8-13CD-410A-9C94-F33F4CC5B34A}.Debug|x86.Build.0 = Debug|Any CPU
		{E6BFCEE8-13CD-410A-9C94-F33F4CC5B34A}.Release|Any CPU.ActiveCfg = Release|Any CPU
		{E6BFCEE8-13CD-410A-9C94-F33F4CC5B34A}.Release|Any CPU.Build.0 = Release|Any CPU
		{E6BFCEE8-13CD-410A-9C94-F33F4CC5B34A}.Release|x64.ActiveCfg = Release|Any CPU
		{E6BFCEE8-13CD-410A-9C94-F33F4CC5B34A}.Release|x64.Build.0 = Release|Any CPU
		{E6BFCEE8-13CD-410A-9C94-F33F4CC5B34A}.Release|x86.ActiveCfg = Release|Any CPU
		{E6BFCEE8-13CD-410A-9C94-F33F4CC5B34A}.Release|x86.Build.0 = Release|Any CPU
		{E377888B-6F2C-4A09-979A-313A5CCC972A}.Debug|Any CPU.ActiveCfg = Debug|Any CPU
		{E377888B-6F2C-4A09-979A-313A5CCC972A}.Debug|Any CPU.Build.0 = Debug|Any CPU
		{E377888B-6F2C-4A09-979A-313A5CCC972A}.Debug|x64.ActiveCfg = Debug|x64
		{E377888B-6F2C-4A09-979A-313A5CCC972A}.Debug|x64.Build.0 = Debug|x64
		{E377888B-6F2C-4A09-979A-313A5CCC972A}.Debug|x86.ActiveCfg = Debug|Any CPU
		{E377888B-6F2C-4A09-979A-313A5CCC972A}.Debug|x86.Build.0 = Debug|Any CPU
		{E377888B-6F2C-4A09-979A-313A5CCC972A}.Release|Any CPU.ActiveCfg = Release|Any CPU
		{E377888B-6F2C-4A09-979A-313A5CCC972A}.Release|Any CPU.Build.0 = Release|Any CPU
		{E377888B-6F2C-4A09-979A-313A5CCC972A}.Release|x64.ActiveCfg = Release|Any CPU
		{E377888B-6F2C-4A09-979A-313A5CCC972A}.Release|x64.Build.0 = Release|Any CPU
		{E377888B-6F2C-4A09-979A-313A5CCC972A}.Release|x86.ActiveCfg = Release|Any CPU
		{E377888B-6F2C-4A09-979A-313A5CCC972A}.Release|x86.Build.0 = Release|Any CPU
		{8CF3610F-6630-4B3D-B1E3-0FDF77443F25}.Debug|Any CPU.ActiveCfg = Debug|x64
		{8CF3610F-6630-4B3D-B1E3-0FDF77443F25}.Debug|x64.ActiveCfg = Debug|x64
		{8CF3610F-6630-4B3D-B1E3-0FDF77443F25}.Debug|x64.Build.0 = Debug|x64
		{8CF3610F-6630-4B3D-B1E3-0FDF77443F25}.Debug|x86.ActiveCfg = Debug|x64
		{8CF3610F-6630-4B3D-B1E3-0FDF77443F25}.Release|Any CPU.ActiveCfg = Release|x64
		{8CF3610F-6630-4B3D-B1E3-0FDF77443F25}.Release|x64.ActiveCfg = Release|x64
		{8CF3610F-6630-4B3D-B1E3-0FDF77443F25}.Release|x64.Build.0 = Release|x64
		{8CF3610F-6630-4B3D-B1E3-0FDF77443F25}.Release|x86.ActiveCfg = Release|x64
		{768D7354-544C-49D6-BBD3-B36C51E68DEA}.Debug|Any CPU.ActiveCfg = Debug|x64
		{768D7354-544C-49D6-BBD3-B36C51E68DEA}.Debug|x64.ActiveCfg = Debug|x64
		{768D7354-544C-49D6-BBD3-B36C51E68DEA}.Debug|x64.Build.0 = Debug|x64
		{768D7354-544C-49D6-BBD3-B36C51E68DEA}.Debug|x86.ActiveCfg = Debug|x64
		{768D7354-544C-49D6-BBD3-B36C51E68DEA}.Release|Any CPU.ActiveCfg = Release|x64
		{768D7354-544C-49D6-BBD3-B36C51E68DEA}.Release|x64.ActiveCfg = Release|x64
		{768D7354-544C-49D6-BBD3-B36C51E68DEA}.Release|x64.Build.0 = Release|x64
		{768D7354-544C-49D6-BBD3-B36C51E68DEA}.Release|x86.ActiveCfg = Release|x64
		{BF389CA3-C959-41B0-A5A0-66344A6C849F}.Debug|Any CPU.ActiveCfg = Debug|x64
		{BF389CA3-C959-41B0-A5A0-66344A6C849F}.Debug|x64.ActiveCfg = Debug|x64
		{BF389CA3-C959-41B0-A5A0-66344A6C849F}.Debug|x64.Build.0 = Debug|x64
		{BF389CA3-C959-41B0-A5A0-66344A6C849F}.Debug|x86.ActiveCfg = Debug|x64
		{BF389CA3-C959-41B0-A5A0-66344A6C849F}.Release|Any CPU.ActiveCfg = Release|x64
		{BF389CA3-C959-41B0-A5A0-66344A6C849F}.Release|x64.ActiveCfg = Release|x64
		{BF389CA3-C959-41B0-A5A0-66344A6C849F}.Release|x64.Build.0 = Release|x64
		{BF389CA3-C959-41B0-A5A0-66344A6C849F}.Release|x86.ActiveCfg = Release|x64
		{F12AA1C1-5A71-4612-A0FA-12291C49E28D}.Debug|Any CPU.ActiveCfg = Debug|x64
		{F12AA1C1-5A71-4612-A0FA-12291C49E28D}.Debug|x64.ActiveCfg = Debug|x64
		{F12AA1C1-5A71-4612-A0FA-12291C49E28D}.Debug|x64.Build.0 = Debug|x64
		{F12AA1C1-5A71-4612-A0FA-12291C49E28D}.Debug|x86.ActiveCfg = Debug|x64
		{F12AA1C1-5A71-4612-A0FA-12291C49E28D}.Release|Any CPU.ActiveCfg = Release|x64
		{F12AA1C1-5A71-4612-A0FA-12291C49E28D}.Release|x64.ActiveCfg = Release|x64
		{F12AA1C1-5A71-4612-A0FA-12291C49E28D}.Release|x64.Build.0 = Release|x64
		{F12AA1C1-5A71-4612-A0FA-12291C49E28D}.Release|x86.ActiveCfg = Release|x64
		{A89F1C64-4F27-4280-ACB7-873000574062}.Debug|Any CPU.ActiveCfg = Debug|x64
		{A89F1C64-4F27-4280-ACB7-873000574062}.Debug|Any CPU.Build.0 = Debug|x64
		{A89F1C64-4F27-4280-ACB7-873000574062}.Debug|x64.ActiveCfg = Debug|x64
		{A89F1C64-4F27-4280-ACB7-873000574062}.Debug|x64.Build.0 = Debug|x64
		{A89F1C64-4F27-4280-ACB7-873000574062}.Debug|x86.ActiveCfg = Debug|x64
		{A89F1C64-4F27-4280-ACB7-873000574062}.Release|Any CPU.ActiveCfg = Release|x64
		{A89F1C64-4F27-4280-ACB7-873000574062}.Release|x64.ActiveCfg = Release|x64
		{A89F1C64-4F27-4280-ACB7-873000574062}.Release|x64.Build.0 = Release|x64
		{A89F1C64-4F27-4280-ACB7-873000574062}.Release|x86.ActiveCfg = Release|x64
		{83E5B5CC-ED3F-4E7D-8161-74788ECC106B}.Debug|Any CPU.ActiveCfg = Debug|x64
		{83E5B5CC-ED3F-4E7D-8161-74788ECC106B}.Debug|x64.ActiveCfg = Debug|x64
		{83E5B5CC-ED3F-4E7D-8161-74788ECC106B}.Debug|x64.Build.0 = Debug|x64
		{83E5B5CC-ED3F-4E7D-8161-74788ECC106B}.Debug|x86.ActiveCfg = Debug|x64
		{83E5B5CC-ED3F-4E7D-8161-74788ECC106B}.Release|Any CPU.ActiveCfg = Release|x64
		{83E5B5CC-ED3F-4E7D-8161-74788ECC106B}.Release|x64.ActiveCfg = Release|x64
		{83E5B5CC-ED3F-4E7D-8161-74788ECC106B}.Release|x64.Build.0 = Release|x64
		{83E5B5CC-ED3F-4E7D-8161-74788ECC106B}.Release|x86.ActiveCfg = Release|x64
		{21D08459-0DF6-4A0E-AFFE-39A2974401F3}.Debug|Any CPU.ActiveCfg = Debug|Any CPU
		{21D08459-0DF6-4A0E-AFFE-39A2974401F3}.Debug|Any CPU.Build.0 = Debug|Any CPU
		{21D08459-0DF6-4A0E-AFFE-39A2974401F3}.Debug|x64.ActiveCfg = Debug|Any CPU
		{21D08459-0DF6-4A0E-AFFE-39A2974401F3}.Debug|x64.Build.0 = Debug|Any CPU
		{21D08459-0DF6-4A0E-AFFE-39A2974401F3}.Debug|x86.ActiveCfg = Debug|Any CPU
		{21D08459-0DF6-4A0E-AFFE-39A2974401F3}.Debug|x86.Build.0 = Debug|Any CPU
		{21D08459-0DF6-4A0E-AFFE-39A2974401F3}.Release|Any CPU.ActiveCfg = Release|Any CPU
		{21D08459-0DF6-4A0E-AFFE-39A2974401F3}.Release|Any CPU.Build.0 = Release|Any CPU
		{21D08459-0DF6-4A0E-AFFE-39A2974401F3}.Release|x64.ActiveCfg = Release|Any CPU
		{21D08459-0DF6-4A0E-AFFE-39A2974401F3}.Release|x64.Build.0 = Release|Any CPU
		{21D08459-0DF6-4A0E-AFFE-39A2974401F3}.Release|x86.ActiveCfg = Release|Any CPU
		{21D08459-0DF6-4A0E-AFFE-39A2974401F3}.Release|x86.Build.0 = Release|Any CPU
		{AE785D67-EFDE-4E2B-BC9E-9FA6AC5A4D1E}.Debug|Any CPU.ActiveCfg = Debug|x64
		{AE785D67-EFDE-4E2B-BC9E-9FA6AC5A4D1E}.Debug|x64.ActiveCfg = Debug|x64
		{AE785D67-EFDE-4E2B-BC9E-9FA6AC5A4D1E}.Debug|x64.Build.0 = Debug|x64
		{AE785D67-EFDE-4E2B-BC9E-9FA6AC5A4D1E}.Debug|x86.ActiveCfg = Debug|x64
		{AE785D67-EFDE-4E2B-BC9E-9FA6AC5A4D1E}.Release|Any CPU.ActiveCfg = Release|x64
		{AE785D67-EFDE-4E2B-BC9E-9FA6AC5A4D1E}.Release|x64.ActiveCfg = Release|x64
		{AE785D67-EFDE-4E2B-BC9E-9FA6AC5A4D1E}.Release|x64.Build.0 = Release|x64
		{AE785D67-EFDE-4E2B-BC9E-9FA6AC5A4D1E}.Release|x86.ActiveCfg = Release|x64
		{2D0F168E-4A15-4BE0-9CE9-B17F094DE275}.Debug|Any CPU.ActiveCfg = Debug|x64
		{2D0F168E-4A15-4BE0-9CE9-B17F094DE275}.Debug|x64.ActiveCfg = Debug|x64
		{2D0F168E-4A15-4BE0-9CE9-B17F094DE275}.Debug|x64.Build.0 = Debug|x64
		{2D0F168E-4A15-4BE0-9CE9-B17F094DE275}.Debug|x86.ActiveCfg = Debug|x64
		{2D0F168E-4A15-4BE0-9CE9-B17F094DE275}.Release|Any CPU.ActiveCfg = Release|x64
		{2D0F168E-4A15-4BE0-9CE9-B17F094DE275}.Release|x64.ActiveCfg = Release|x64
		{2D0F168E-4A15-4BE0-9CE9-B17F094DE275}.Release|x64.Build.0 = Release|x64
		{2D0F168E-4A15-4BE0-9CE9-B17F094DE275}.Release|x86.ActiveCfg = Release|x64
		{E57BDA95-E7FA-4BFF-A47C-0FDF673FE3B9}.Debug|Any CPU.ActiveCfg = Debug|x64
		{E57BDA95-E7FA-4BFF-A47C-0FDF673FE3B9}.Debug|x64.ActiveCfg = Debug|x64
		{E57BDA95-E7FA-4BFF-A47C-0FDF673FE3B9}.Debug|x64.Build.0 = Debug|x64
		{E57BDA95-E7FA-4BFF-A47C-0FDF673FE3B9}.Debug|x86.ActiveCfg = Debug|x64
		{E57BDA95-E7FA-4BFF-A47C-0FDF673FE3B9}.Release|Any CPU.ActiveCfg = Release|x64
		{E57BDA95-E7FA-4BFF-A47C-0FDF673FE3B9}.Release|x64.ActiveCfg = Release|x64
		{E57BDA95-E7FA-4BFF-A47C-0FDF673FE3B9}.Release|x64.Build.0 = Release|x64
		{E57BDA95-E7FA-4BFF-A47C-0FDF673FE3B9}.Release|x86.ActiveCfg = Release|x64
		{158E9724-4E0D-4AF9-BDC6-51F7E42FE20E}.Debug|Any CPU.ActiveCfg = Debug|x64
		{158E9724-4E0D-4AF9-BDC6-51F7E42FE20E}.Debug|x64.ActiveCfg = Debug|x64
		{158E9724-4E0D-4AF9-BDC6-51F7E42FE20E}.Debug|x64.Build.0 = Debug|x64
		{158E9724-4E0D-4AF9-BDC6-51F7E42FE20E}.Debug|x86.ActiveCfg = Debug|x64
		{158E9724-4E0D-4AF9-BDC6-51F7E42FE20E}.Release|Any CPU.ActiveCfg = Release|x64
		{158E9724-4E0D-4AF9-BDC6-51F7E42FE20E}.Release|x64.ActiveCfg = Release|x64
		{158E9724-4E0D-4AF9-BDC6-51F7E42FE20E}.Release|x64.Build.0 = Release|x64
		{158E9724-4E0D-4AF9-BDC6-51F7E42FE20E}.Release|x86.ActiveCfg = Release|x64
		{446FD395-ADAB-4682-94C7-D5E707C6EE93}.Debug|Any CPU.ActiveCfg = Debug|x64
		{446FD395-ADAB-4682-94C7-D5E707C6EE93}.Debug|x64.ActiveCfg = Debug|x64
		{446FD395-ADAB-4682-94C7-D5E707C6EE93}.Debug|x64.Build.0 = Debug|x64
		{446FD395-ADAB-4682-94C7-D5E707C6EE93}.Debug|x86.ActiveCfg = Debug|x64
		{446FD395-ADAB-4682-94C7-D5E707C6EE93}.Release|Any CPU.ActiveCfg = Release|x64
		{446FD395-ADAB-4682-94C7-D5E707C6EE93}.Release|x64.ActiveCfg = Release|x64
		{446FD395-ADAB-4682-94C7-D5E707C6EE93}.Release|x64.Build.0 = Release|x64
		{446FD395-ADAB-4682-94C7-D5E707C6EE93}.Release|x86.ActiveCfg = Release|x64
		{599CEFA2-E254-413F-B837-EA6C5C744501}.Debug|Any CPU.ActiveCfg = Debug|x64
		{599CEFA2-E254-413F-B837-EA6C5C744501}.Debug|x64.ActiveCfg = Debug|x64
		{599CEFA2-E254-413F-B837-EA6C5C744501}.Debug|x64.Build.0 = Debug|x64
		{599CEFA2-E254-413F-B837-EA6C5C744501}.Debug|x86.ActiveCfg = Debug|x64
		{599CEFA2-E254-413F-B837-EA6C5C744501}.Release|Any CPU.ActiveCfg = Release|x64
		{599CEFA2-E254-413F-B837-EA6C5C744501}.Release|x64.ActiveCfg = Release|x64
		{599CEFA2-E254-413F-B837-EA6C5C744501}.Release|x64.Build.0 = Release|x64
		{599CEFA2-E254-413F-B837-EA6C5C744501}.Release|x86.ActiveCfg = Release|x64
		{18E46466-7592-43DB-BCAB-9CDFDA3BDAB0}.Debug|Any CPU.ActiveCfg = Debug|x64
		{18E46466-7592-43DB-BCAB-9CDFDA3BDAB0}.Debug|x64.ActiveCfg = Debug|x64
		{18E46466-7592-43DB-BCAB-9CDFDA3BDAB0}.Debug|x64.Build.0 = Debug|x64
		{18E46466-7592-43DB-BCAB-9CDFDA3BDAB0}.Debug|x86.ActiveCfg = Debug|x64
		{18E46466-7592-43DB-BCAB-9CDFDA3BDAB0}.Release|Any CPU.ActiveCfg = Release|x64
		{18E46466-7592-43DB-BCAB-9CDFDA3BDAB0}.Release|x64.ActiveCfg = Release|x64
		{18E46466-7592-43DB-BCAB-9CDFDA3BDAB0}.Release|x64.Build.0 = Release|x64
		{18E46466-7592-43DB-BCAB-9CDFDA3BDAB0}.Release|x86.ActiveCfg = Release|x64
	EndGlobalSection
	GlobalSection(SolutionProperties) = preSolution
		HideSolutionNode = FALSE
	EndGlobalSection
	GlobalSection(NestedProjects) = preSolution
		{18E7AF60-B1D6-44E6-B978-13675A05393E} = {8EADC2A4-7D0B-473A-8461-7E0C201706EF}
		{892CBE15-9ED7-4540-81FA-0EAABA592138} = {18E7AF60-B1D6-44E6-B978-13675A05393E}
		{EA8D4F62-69A2-4748-8604-4439EBAC9EB8} = {8EADC2A4-7D0B-473A-8461-7E0C201706EF}
		{2630D180-1B68-4E84-AEAC-42EE8C88B50F} = {EA8D4F62-69A2-4748-8604-4439EBAC9EB8}
		{ADE96497-7C11-40B6-AE82-57F956C9F104} = {EA8D4F62-69A2-4748-8604-4439EBAC9EB8}
		{F680D34F-C148-4314-8914-B2DF3E7B17AF} = {8EADC2A4-7D0B-473A-8461-7E0C201706EF}
		{3C03A41C-BE4C-40A8-97D5-5DBAC0C34102} = {8EADC2A4-7D0B-473A-8461-7E0C201706EF}
		{05FA2F21-D4DE-4F42-8D8F-AC79993394F6} = {8EADC2A4-7D0B-473A-8461-7E0C201706EF}
		{3DD11384-2CC1-4EE9-9F4A-02B6FE8759C0} = {8EADC2A4-7D0B-473A-8461-7E0C201706EF}
		{DEFA507A-760F-436B-AF63-737C526ADB63} = {5912C79C-9F2A-4DDD-8955-E08FD9155A7F}
		{F5D28AA0-B5F6-4C6A-867D-2D1187464A80} = {5912C79C-9F2A-4DDD-8955-E08FD9155A7F}
		{C6D1753C-C65B-4C72-9024-4A94BA5F01D9} = {6A015615-4D3D-433B-A4AC-E4CAEC6CDC27}
		{B065B3B6-D3E0-4C60-A4F9-30F6087C733C} = {6A015615-4D3D-433B-A4AC-E4CAEC6CDC27}
		{EADB9B49-06A9-4CF1-B7D2-28BE829D1556} = {DACA0D46-3190-46FC-86CA-D48459AEEE5A}
		{6E79FCA4-42E3-4D2F-B4A3-28E691BF04C3} = {6A015615-4D3D-433B-A4AC-E4CAEC6CDC27}
		{D4D93CF6-137A-41B3-9EA7-66678376D99F} = {6A015615-4D3D-433B-A4AC-E4CAEC6CDC27}
		{6427BCBA-076F-495E-843D-630C9585CDD2} = {DACA0D46-3190-46FC-86CA-D48459AEEE5A}
		{B440DE64-0B7C-490B-AFB7-8F4BFA249AFC} = {DACA0D46-3190-46FC-86CA-D48459AEEE5A}
		{21D08459-0DF6-4A0E-AFFE-39A2974401F3} = {CF643A1A-6141-4EBE-88FA-16A7FCED9FF7}
	EndGlobalSection
	GlobalSection(ExtensibilityGlobals) = postSolution
		SolutionGuid = {D9D9DDF8-67CE-46FC-9F70-D01415412172}
	EndGlobalSection
EndGlobal
